
Microsoft Visual Studio Solution File, Format Version 12.00
# Visual Studio Version 16
VisualStudioVersion = 16.0.30523.141
MinimumVisualStudioVersion = 10.0.40219.1
Project("{FAE04EC0-301F-11D3-BF4B-00C04F79EFBC}") = "Manager.BL", "Manager.BL\Manager.BL.csproj", "{DAB99185-C33C-4858-92A9-5521EF1B91FC}"
EndProject
Project("{FAE04EC0-301F-11D3-BF4B-00C04F79EFBC}") = "Manager.CMD", "Manager.CMD\Manager.CMD.csproj", "{55F0F6FB-68B2-4D8D-86E9-EEC5F07259D9}"
EndProject
Global
	GlobalSection(SolutionConfigurationPlatforms) = preSolution
		Debug|Any CPU = Debug|Any CPU
		Release|Any CPU = Release|Any CPU
	EndGlobalSection
	GlobalSection(ProjectConfigurationPlatforms) = postSolution
		{DAB99185-C33C-4858-92A9-5521EF1B91FC}.Debug|Any CPU.ActiveCfg = Debug|Any CPU
		{DAB99185-C33C-4858-92A9-5521EF1B91FC}.Debug|Any CPU.Build.0 = Debug|Any CPU
		{DAB99185-C33C-4858-92A9-5521EF1B91FC}.Release|Any CPU.ActiveCfg = Release|Any CPU
		{DAB99185-C33C-4858-92A9-5521EF1B91FC}.Release|Any CPU.Build.0 = Release|Any CPU
		{55F0F6FB-68B2-4D8D-86E9-EEC5F07259D9}.Debug|Any CPU.ActiveCfg = Debug|Any CPU
		{55F0F6FB-68B2-4D8D-86E9-EEC5F07259D9}.Debug|Any CPU.Build.0 = Debug|Any CPU
		{55F0F6FB-68B2-4D8D-86E9-EEC5F07259D9}.Release|Any CPU.ActiveCfg = Release|Any CPU
		{55F0F6FB-68B2-4D8D-86E9-EEC5F07259D9}.Release|Any CPU.Build.0 = Release|Any CPU
	EndGlobalSection
	GlobalSection(SolutionProperties) = preSolution
		HideSolutionNode = FALSE
	EndGlobalSection
	GlobalSection(ExtensibilityGlobals) = postSolution
		SolutionGuid = {9AA8E918-96C5-49F5-ABBA-428C9CDFDA74}
	EndGlobalSection
EndGlobal
